
Microsoft Visual Studio Solution File, Format Version 12.00
# Visual Studio Version 17
VisualStudioVersion = 17.8.34309.116
MinimumVisualStudioVersion = 10.0.40219.1
Project("{FAE04EC0-301F-11D3-BF4B-00C04F79EFBC}") = "chatvox", "chatvox\chatvox.csproj", "{5F10A3E5-576A-4A0D-A40A-6E95321A9136}"
EndProject
Global
	GlobalSection(SolutionConfigurationPlatforms) = preSolution
		Debug|Any CPU = Debug|Any CPU
		Release|Any CPU = Release|Any CPU
	EndGlobalSection
	GlobalSection(ProjectConfigurationPlatforms) = postSolution
		{5F10A3E5-576A-4A0D-A40A-6E95321A9136}.Debug|Any CPU.ActiveCfg = Debug|Any CPU
		{5F10A3E5-576A-4A0D-A40A-6E95321A9136}.Debug|Any CPU.Build.0 = Debug|Any CPU
		{5F10A3E5-576A-4A0D-A40A-6E95321A9136}.Release|Any CPU.ActiveCfg = Release|Any CPU
		{5F10A3E5-576A-4A0D-A40A-6E95321A9136}.Release|Any CPU.Build.0 = Release|Any CPU
	EndGlobalSection
	GlobalSection(SolutionProperties) = preSolution
		HideSolutionNode = FALSE
	EndGlobalSection
	GlobalSection(ExtensibilityGlobals) = postSolution
		SolutionGuid = {7897FE4D-3AE3-48BB-988F-9DF48F3A1D59}
	EndGlobalSection
EndGlobal
